
Microsoft Visual Studio Solution File, Format Version 12.00
# Visual Studio Version 16
VisualStudioVersion = 16.0.31112.23
MinimumVisualStudioVersion = 10.0.40219.1
Project("{FAE04EC0-301F-11D3-BF4B-00C04F79EFBC}") = "PierwiastekRownania", "PierwiastekRownania.csproj", "{7DB7FEEF-7EB0-44FB-B39F-C1560D744B44}"
EndProject
Project("{FAE04EC0-301F-11D3-BF4B-00C04F79EFBC}") = "TestPierwiastki", "..\TestPierwiastki\TestPierwiastki.csproj", "{302E4435-3520-405E-A631-8976CAD0DA7E}"
EndProject
Global
	GlobalSection(SolutionConfigurationPlatforms) = preSolution
		Debug|Any CPU = Debug|Any CPU
		Release|Any CPU = Release|Any CPU
	EndGlobalSection
	GlobalSection(ProjectConfigurationPlatforms) = postSolution
		{7DB7FEEF-7EB0-44FB-B39F-C1560D744B44}.Debug|Any CPU.ActiveCfg = Debug|Any CPU
		{7DB7FEEF-7EB0-44FB-B39F-C1560D744B44}.Debug|Any CPU.Build.0 = Debug|Any CPU
		{7DB7FEEF-7EB0-44FB-B39F-C1560D744B44}.Release|Any CPU.ActiveCfg = Release|Any CPU
		{7DB7FEEF-7EB0-44FB-B39F-C1560D744B44}.Release|Any CPU.Build.0 = Release|Any CPU
		{302E4435-3520-405E-A631-8976CAD0DA7E}.Debug|Any CPU.ActiveCfg = Debug|Any CPU
		{302E4435-3520-405E-A631-8976CAD0DA7E}.Debug|Any CPU.Build.0 = Debug|Any CPU
		{302E4435-3520-405E-A631-8976CAD0DA7E}.Release|Any CPU.ActiveCfg = Release|Any CPU
		{302E4435-3520-405E-A631-8976CAD0DA7E}.Release|Any CPU.Build.0 = Release|Any CPU
	EndGlobalSection
	GlobalSection(SolutionProperties) = preSolution
		HideSolutionNode = FALSE
	EndGlobalSection
	GlobalSection(ExtensibilityGlobals) = postSolution
		SolutionGuid = {4AE32163-EF20-4026-AAAD-B3160BCF8D30}
	EndGlobalSection
EndGlobal
